# Vendored protobuf schemas — DO NOT EDIT.
# Source of truth: redPanda-project/redpandaj src/main/proto/
# Sync: tool/sync_protos.sh   Verify: tool/sync_protos.sh --check
# Codegen after a sync: tool/generate_protos.sh
# upstream-commit: 2ec74f8d108f23e138f5220ad696b88f835c88d6
3e7f440f87b9502c6bc54f15e630b158dc5ec3942eed7c0176e2ac3261fc86ab  commands.proto
34ea2fabbe68790e6c8afd7d950fe86a62e7fe567826752417c7593655f13097  outbound.proto
