# Vendored protobuf schemas — DO NOT EDIT.
# Source of truth: redPanda-project/redpandaj src/main/proto/
# Sync: tool/sync_protos.sh   Verify: tool/sync_protos.sh --check
# Codegen after a sync: tool/generate_protos.sh
# upstream-commit: 2ec74f8d108f23e138f5220ad696b88f835c88d6
75232a9b0ee12a1de9d3a28d38077014e78fb971d4c5977012f5f6d132b06fdb  commands.proto
34ea2fabbe68790e6c8afd7d950fe86a62e7fe567826752417c7593655f13097  outbound.proto
